lockfileVersion: '9.0'

settings:
  autoInstallPeers: true
  excludeLinksFromLockfile: false

importers:

  .:
    dependencies:
      commander:
        specifier: ^13.1.0
        version: 13.1.0
      ethers:
        specifier: '5'
        version: 5.8.0
      fs-extra:
        specifier: ^11.3.0
        version: 11.3.0
      node-fetch:
        specifier: '2'
        version: 2.7.0
      ora:
        specifier: ^8.2.0
        version: 8.2.0
      p-limit:
        specifier: ^6.2.0
        version: 6.2.0

packages:

  '@ethersproject/abi@5.8.0':
    resolution: {integrity: sha512-b9YS/43ObplgyV6SlyQsG53/vkSal0MNA1fskSC4mbnCMi8R+NkcH8K9FPYNESf6jUefBUniE4SOKms0E/KK1Q==}

  '@ethersproject/abstract-provider@5.8.0':
    resolution: {integrity: sha512-wC9SFcmh4UK0oKuLJQItoQdzS/qZ51EJegK6EmAWlh+OptpQ/npECOR3QqECd8iGHC0RJb4WKbVdSfif4ammrg==}

  '@ethersproject/abstract-signer@5.8.0':
    resolution: {integrity: sha512-N0XhZTswXcmIZQdYtUnd79VJzvEwXQw6PK0dTl9VoYrEBxxCPXqS0Eod7q5TNKRxe1/5WUMuR0u0nqTF/avdCA==}

  '@ethersproject/address@5.8.0':
    resolution: {integrity: sha512-GhH/abcC46LJwshoN+uBNoKVFPxUuZm6dA257z0vZkKmU1+t8xTn8oK7B9qrj8W2rFRMch4gbJl6PmVxjxBEBA==}

  '@ethersproject/base64@5.8.0':
    resolution: {integrity: sha512-lN0oIwfkYj9LbPx4xEkie6rAMJtySbpOAFXSDVQaBnAzYfB4X2Qr+FXJGxMoc3Bxp2Sm8OwvzMrywxyw0gLjIQ==}

  '@ethersproject/basex@5.8.0':
    resolution: {integrity: sha512-PIgTszMlDRmNwW9nhS6iqtVfdTAKosA7llYXNmGPw4YAI1PUyMv28988wAb41/gHF/WqGdoLv0erHaRcHRKW2Q==}

  '@ethersproject/bignumber@5.8.0':
    resolution: {integrity: sha512-ZyaT24bHaSeJon2tGPKIiHszWjD/54Sz8t57Toch475lCLljC6MgPmxk7Gtzz+ddNN5LuHea9qhAe0x3D+uYPA==}

  '@ethersproject/bytes@5.8.0':
    resolution: {integrity: sha512-vTkeohgJVCPVHu5c25XWaWQOZ4v+DkGoC42/TS2ond+PARCxTJvgTFUNDZovyQ/uAQ4EcpqqowKydcdmRKjg7A==}

  '@ethersproject/constants@5.8.0':
    resolution: {integrity: sha512-wigX4lrf5Vu+axVTIvNsuL6YrV4O5AXl5ubcURKMEME5TnWBouUh0CDTWxZ2GpnRn1kcCgE7l8O5+VbV9QTTcg==}

  '@ethersproject/contracts@5.8.0':
    resolution: {integrity: sha512-0eFjGz9GtuAi6MZwhb4uvUM216F38xiuR0yYCjKJpNfSEy4HUM8hvqqBj9Jmm0IUz8l0xKEhWwLIhPgxNY0yvQ==}

  '@ethersproject/hash@5.8.0':
    resolution: {integrity: sha512-ac/lBcTbEWW/VGJij0CNSw/wPcw9bSRgCB0AIBz8CvED/jfvDoV9hsIIiWfvWmFEi8RcXtlNwp2jv6ozWOsooA==}

  '@ethersproject/hdnode@5.8.0':
    resolution: {integrity: sha512-4bK1VF6E83/3/Im0ERnnUeWOY3P1BZml4ZD3wcH8Ys0/d1h1xaFt6Zc+Dh9zXf9TapGro0T4wvO71UTCp3/uoA==}

  '@ethersproject/json-wallets@5.8.0':
    resolution: {integrity: sha512-HxblNck8FVUtNxS3VTEYJAcwiKYsBIF77W15HufqlBF9gGfhmYOJtYZp8fSDZtn9y5EaXTE87zDwzxRoTFk11w==}

  '@ethersproject/keccak256@5.8.0':
    resolution: {integrity: sha512-A1pkKLZSz8pDaQ1ftutZoaN46I6+jvuqugx5KYNeQOPqq+JZ0Txm7dlWesCHB5cndJSu5vP2VKptKf7cksERng==}

  '@ethersproject/logger@5.8.0':
    resolution: {integrity: sha512-Qe6knGmY+zPPWTC+wQrpitodgBfH7XoceCGL5bJVejmH+yCS3R8jJm8iiWuvWbG76RUmyEG53oqv6GMVWqunjA==}

  '@ethersproject/networks@5.8.0':
    resolution: {integrity: sha512-egPJh3aPVAzbHwq8DD7Po53J4OUSsA1MjQp8Vf/OZPav5rlmWUaFLiq8cvQiGK0Z5K6LYzm29+VA/p4RL1FzNg==}

  '@ethersproject/pbkdf2@5.8.0':
    resolution: {integrity: sha512-wuHiv97BrzCmfEaPbUFpMjlVg/IDkZThp9Ri88BpjRleg4iePJaj2SW8AIyE8cXn5V1tuAaMj6lzvsGJkGWskg==}

  '@ethersproject/properties@5.8.0':
    resolution: {integrity: sha512-PYuiEoQ+FMaZZNGrStmN7+lWjlsoufGIHdww7454FIaGdbe/p5rnaCXTr5MtBYl3NkeoVhHZuyzChPeGeKIpQw==}

  '@ethersproject/providers@5.8.0':
    resolution: {integrity: sha512-3Il3oTzEx3o6kzcg9ZzbE+oCZYyY+3Zh83sKkn4s1DZfTUjIegHnN2Cm0kbn9YFy45FDVcuCLLONhU7ny0SsCw==}

  '@ethersproject/random@5.8.0':
    resolution: {integrity: sha512-E4I5TDl7SVqyg4/kkA/qTfuLWAQGXmSOgYyO01So8hLfwgKvYK5snIlzxJMk72IFdG/7oh8yuSqY2KX7MMwg+A==}

  '@ethersproject/rlp@5.8.0':
    resolution: {integrity: sha512-LqZgAznqDbiEunaUvykH2JAoXTT9NV0Atqk8rQN9nx9SEgThA/WMx5DnW8a9FOufo//6FZOCHZ+XiClzgbqV9Q==}

  '@ethersproject/sha2@5.8.0':
    resolution: {integrity: sha512-dDOUrXr9wF/YFltgTBYS0tKslPEKr6AekjqDW2dbn1L1xmjGR+9GiKu4ajxovnrDbwxAKdHjW8jNcwfz8PAz4A==}

  '@ethersproject/signing-key@5.8.0':
    resolution: {integrity: sha512-LrPW2ZxoigFi6U6aVkFN/fa9Yx/+4AtIUe4/HACTvKJdhm0eeb107EVCIQcrLZkxaSIgc/eCrX8Q1GtbH+9n3w==}

  '@ethersproject/solidity@5.8.0':
    resolution: {integrity: sha512-4CxFeCgmIWamOHwYN9d+QWGxye9qQLilpgTU0XhYs1OahkclF+ewO+3V1U0mvpiuQxm5EHHmv8f7ClVII8EHsA==}

  '@ethersproject/strings@5.8.0':
    resolution: {integrity: sha512-qWEAk0MAvl0LszjdfnZ2uC8xbR2wdv4cDabyHiBh3Cldq/T8dPH3V4BbBsAYJUeonwD+8afVXld274Ls+Y1xXg==}

  '@ethersproject/transactions@5.8.0':
    resolution: {integrity: sha512-UglxSDjByHG0TuU17bDfCemZ3AnKO2vYrL5/2n2oXvKzvb7Cz+W9gOWXKARjp2URVwcWlQlPOEQyAviKwT4AHg==}

  '@ethersproject/units@5.8.0':
    resolution: {integrity: sha512-lxq0CAnc5kMGIiWW4Mr041VT8IhNM+Pn5T3haO74XZWFulk7wH1Gv64HqE96hT4a7iiNMdOCFEBgaxWuk8ETKQ==}

  '@ethersproject/wallet@5.8.0':
    resolution: {integrity: sha512-G+jnzmgg6UxurVKRKvw27h0kvG75YKXZKdlLYmAHeF32TGUzHkOFd7Zn6QHOTYRFWnfjtSSFjBowKo7vfrXzPA==}

  '@ethersproject/web@5.8.0':
    resolution: {integrity: sha512-j7+Ksi/9KfGviws6Qtf9Q7KCqRhpwrYKQPs+JBA/rKVFF/yaWLHJEH3zfVP2plVu+eys0d2DlFmhoQJayFewcw==}

  '@ethersproject/wordlists@5.8.0':
    resolution: {integrity: sha512-2df9bbXicZws2Sb5S6ET493uJ0Z84Fjr3pC4tu/qlnZERibZCeUVuqdtt+7Tv9xxhUxHoIekIA7avrKUWHrezg==}

  aes-js@3.0.0:
    resolution: {integrity: sha512-H7wUZRn8WpTq9jocdxQ2c8x2sKo9ZVmzfRE13GiNJXfp7NcKYEdvl3vspKjXox6RIG2VtaRe4JFvxG4rqp2Zuw==}

  ansi-regex@6.1.0:
    resolution: {integrity: sha512-7HSX4QQb4CspciLpVFwyRe79O3xsIZDDLER21kERQ71oaPodF8jL725AgJMFAYbooIqolJoRLuM81SpeUkpkvA==}
    engines: {node: '>=12'}

  bech32@1.1.4:
    resolution: {integrity: sha512-s0IrSOzLlbvX7yp4WBfPITzpAU8sqQcpsmwXDiKwrG4r491vwCO/XpejasRNl0piBMe/DvP4Tz0mIS/X1DPJBQ==}

  bn.js@4.12.1:
    resolution: {integrity: sha512-k8TVBiPkPJT9uHLdOKfFpqcfprwBFOAAXXozRubr7R7PfIuKvQlzcI4M0pALeqXN09vdaMbUdUj+pass+uULAg==}

  bn.js@5.2.1:
    resolution: {integrity: sha512-eXRvHzWyYPBuB4NBy0cmYQjGitUrtqwbvlzP3G6VFnNRbsZQIxQ10PbKKHt8gZ/HW/D/747aDl+QkDqg3KQLMQ==}

  brorand@1.1.0:
    resolution: {integrity: sha512-cKV8tMCEpQs4hK/ik71d6LrPOnpkpGBR0wzxqr68g2m/LB2GxVYQroAjMJZRVM1Y4BCjCKc3vAamxSzOY2RP+w==}

  chalk@5.4.1:
    resolution: {integrity: sha512-zgVZuo2WcZgfUEmsn6eO3kINexW8RAE4maiQ8QNs8CtpPCSyMiYsULR3HQYkm3w8FIA3SberyMJMSldGsW+U3w==}
    engines: {node: ^12.17.0 || ^14.13 || >=16.0.0}

  cli-cursor@5.0.0:
    resolution: {integrity: sha512-aCj4O5wKyszjMmDT4tZj93kxyydN/K5zPWSCe6/0AV/AA1pqe5ZBIw0a2ZfPQV7lL5/yb5HsUreJ6UFAF1tEQw==}
    engines: {node: '>=18'}

  cli-spinners@2.9.2:
    resolution: {integrity: sha512-ywqV+5MmyL4E7ybXgKys4DugZbX0FC6LnwrhjuykIjnK9k8OQacQ7axGKnjDXWNhns0xot3bZI5h55H8yo9cJg==}
    engines: {node: '>=6'}

  commander@13.1.0:
    resolution: {integrity: sha512-/rFeCpNJQbhSZjGVwO9RFV3xPqbnERS8MmIQzCtD/zl6gpJuV/bMLuN92oG3F7d8oDEHHRrujSXNUr8fpjntKw==}
    engines: {node: '>=18'}

  elliptic@6.6.1:
    resolution: {integrity: sha512-RaddvvMatK2LJHqFJ+YA4WysVN5Ita9E35botqIYspQ4TkRAlCicdzKOjlyv/1Za5RyTNn7di//eEV0uTAfe3g==}

  emoji-regex@10.4.0:
    resolution: {integrity: sha512-EC+0oUMY1Rqm4O6LLrgjtYDvcVYTy7chDnM4Q7030tP4Kwj3u/pR6gP9ygnp2CJMK5Gq+9Q2oqmrFJAz01DXjw==}

  ethers@5.8.0:
    resolution: {integrity: sha512-DUq+7fHrCg1aPDFCHx6UIPb3nmt2XMpM7Y/g2gLhsl3lIBqeAfOJIl1qEvRf2uq3BiKxmh6Fh5pfp2ieyek7Kg==}

  fs-extra@11.3.0:
    resolution: {integrity: sha512-Z4XaCL6dUDHfP/jT25jJKMmtxvuwbkrD1vNSMFlo9lNLY2c5FHYSQgHPRZUjAB26TpDEoW9HCOgplrdbaPV/ew==}
    engines: {node: '>=14.14'}

  get-east-asian-width@1.3.0:
    resolution: {integrity: sha512-vpeMIQKxczTD/0s2CdEWHcb0eeJe6TFjxb+J5xgX7hScxqrGuyjmv4c1D4A/gelKfyox0gJJwIHF+fLjeaM8kQ==}
    engines: {node: '>=18'}

  graceful-fs@4.2.11:
    resolution: {integrity: sha512-RbJ5/jmFcNNCcDV5o9eTnBLJ/HszWV0P73bc+Ff4nS/rJj+YaS6IGyiOL0VoBYX+l1Wrl3k63h/KrH+nhJ0XvQ==}

  hash.js@1.1.7:
    resolution: {integrity: sha512-taOaskGt4z4SOANNseOviYDvjEJinIkRgmp7LbKP2YTTmVxWBl87s/uzK9r+44BclBSp2X7K1hqeNfz9JbBeXA==}

  hmac-drbg@1.0.1:
    resolution: {integrity: sha512-Tti3gMqLdZfhOQY1Mzf/AanLiqh1WTiJgEj26ZuYQ9fbkLomzGchCws4FyrSd4VkpBfiNhaE1On+lOz894jvXg==}

  inherits@2.0.4:
    resolution: {integrity: sha512-k/vGaX4/Yla3WzyMCvTQOXYeIHvqOKtnqBduzTHpzpQZzAskKMhZ2K+EnBiSM9zGSoIFeMpXKxa4dYeZIQqewQ==}

  is-interactive@2.0.0:
    resolution: {integrity: sha512-qP1vozQRI+BMOPcjFzrjXuQvdak2pHNUMZoeG2eRbiSqyvbEf/wQtEOTOX1guk6E3t36RkaqiSt8A/6YElNxLQ==}
    engines: {node: '>=12'}

  is-unicode-supported@1.3.0:
    resolution: {integrity: sha512-43r2mRvz+8JRIKnWJ+3j8JtjRKZ6GmjzfaE/qiBJnikNnYv/6bagRJ1kUhNk8R5EX/GkobD+r+sfxCPJsiKBLQ==}
    engines: {node: '>=12'}

  is-unicode-supported@2.1.0:
    resolution: {integrity: sha512-mE00Gnza5EEB3Ds0HfMyllZzbBrmLOX3vfWoj9A9PEnTfratQ/BcaJOuMhnkhjXvb2+FkY3VuHqtAGpTPmglFQ==}
    engines: {node: '>=18'}

  js-sha3@0.8.0:
    resolution: {integrity: sha512-gF1cRrHhIzNfToc802P800N8PpXS+evLLXfsVpowqmAFR9uwbi89WvXg2QspOmXL8QL86J4T1EpFu+yUkwJY3Q==}

  jsonfile@6.1.0:
    resolution: {integrity: sha512-5dgndWOriYSm5cnYaJNhalLNDKOqFwyDB/rr1E9ZsGciGvKPs8R2xYGCacuf3z6K1YKDz182fd+fY3cn3pMqXQ==}

  log-symbols@6.0.0:
    resolution: {integrity: sha512-i24m8rpwhmPIS4zscNzK6MSEhk0DUWa/8iYQWxhffV8jkI4Phvs3F+quL5xvS0gdQR0FyTCMMH33Y78dDTzzIw==}
    engines: {node: '>=18'}

  mimic-function@5.0.1:
    resolution: {integrity: sha512-VP79XUPxV2CigYP3jWwAUFSku2aKqBH7uTAapFWCBqutsbmDo96KY5o8uh6U+/YSIn5OxJnXp73beVkpqMIGhA==}
    engines: {node: '>=18'}

  minimalistic-assert@1.0.1:
    resolution: {integrity: sha512-UtJcAD4yEaGtjPezWuO9wC4nwUnVH/8/Im3yEHQP4b67cXlD/Qr9hdITCU1xDbSEXg2XKNaP8jsReV7vQd00/A==}

  minimalistic-crypto-utils@1.0.1:
    resolution: {integrity: sha512-JIYlbt6g8i5jKfJ3xz7rF0LXmv2TkDxBLUkiBeZ7bAx4GnnNMr8xFpGnOxn6GhTEHx3SjRrZEoU+j04prX1ktg==}

  node-fetch@2.7.0:
    resolution: {integrity: sha512-c4FRfUm/dbcWZ7U+1Wq0AwCyFL+3nt2bEw05wfxSz+DWpWsitgmSgYmy2dQdWyKC1694ELPqMs/YzUSNozLt8A==}
    engines: {node: 4.x || >=6.0.0}
    peerDependencies:
      encoding: ^0.1.0
    peerDependenciesMeta:
      encoding:
        optional: true

  onetime@7.0.0:
    resolution: {integrity: sha512-VXJjc87FScF88uafS3JllDgvAm+c/Slfz06lorj2uAY34rlUu0Nt+v8wreiImcrgAjjIHp1rXpTDlLOGw29WwQ==}
    engines: {node: '>=18'}

  ora@8.2.0:
    resolution: {integrity: sha512-weP+BZ8MVNnlCm8c0Qdc1WSWq4Qn7I+9CJGm7Qali6g44e/PUzbjNqJX5NJ9ljlNMosfJvg1fKEGILklK9cwnw==}
    engines: {node: '>=18'}

  p-limit@6.2.0:
    resolution: {integrity: sha512-kuUqqHNUqoIWp/c467RI4X6mmyuojY5jGutNU0wVTmEOOfcuwLqyMVoAi9MKi2Ak+5i9+nhmrK4ufZE8069kHA==}
    engines: {node: '>=18'}

  restore-cursor@5.1.0:
    resolution: {integrity: sha512-oMA2dcrw6u0YfxJQXm342bFKX/E4sG9rbTzO9ptUcR/e8A33cHuvStiYOwH7fszkZlZ1z/ta9AAoPk2F4qIOHA==}
    engines: {node: '>=18'}

  scrypt-js@3.0.1:
    resolution: {integrity: sha512-cdwTTnqPu0Hyvf5in5asVdZocVDTNRmR7XEcJuIzMjJeSHybHl7vpB66AzwTaIg6CLSbtjcxc8fqcySfnTkccA==}

  signal-exit@4.1.0:
    resolution: {integrity: sha512-bzyZ1e88w9O1iNJbKnOlvYTrWPDl46O1bG0D3XInv+9tkPrxrN8jUUTiFlDkkmKWgn1M6CfIA13SuGqOa9Korw==}
    engines: {node: '>=14'}

  stdin-discarder@0.2.2:
    resolution: {integrity: sha512-UhDfHmA92YAlNnCfhmq0VeNL5bDbiZGg7sZ2IvPsXubGkiNa9EC+tUTsjBRsYUAz87btI6/1wf4XoVvQ3uRnmQ==}
    engines: {node: '>=18'}

  string-width@7.2.0:
    resolution: {integrity: sha512-tsaTIkKW9b4N+AEj+SVA+WhJzV7/zMhcSu78mLKWSk7cXMOSHsBKFWUs0fWwq8QyK3MgJBQRX6Gbi4kYbdvGkQ==}
    engines: {node: '>=18'}

  strip-ansi@7.1.0:
    resolution: {integrity: sha512-iq6eVVI64nQQTRYq2KtEg2d2uU7LElhTJwsH4YzIHZshxlgZms/wIc4VoDQTlG/IvVIrBKG06CrZnp0qv7hkcQ==}
    engines: {node: '>=12'}

  tr46@0.0.3:
    resolution: {integrity: sha512-N3WMsuqV66lT30CrXNbEjx4GEwlow3v6rr4mCcv6prnfwhS01rkgyFdjPNBYd9br7LpXV1+Emh01fHnq2Gdgrw==}

  universalify@2.0.1:
    resolution: {integrity: sha512-gptHNQghINnc/vTGIk0SOFGFNXw7JVrlRUtConJRlvaw6DuX0wO5Jeko9sWrMBhh+PsYAZ7oXAiOnf/UKogyiw==}
    engines: {node: '>= 10.0.0'}

  webidl-conversions@3.0.1:
    resolution: {integrity: sha512-2JAn3z8AR6rjK8Sm8orRC0h/bcl/DqL7tRPdGZ4I1CjdF+EaMLmYxBHyXuKL849eucPFhvBoxMsflfOb8kxaeQ==}

  whatwg-url@5.0.0:
    resolution: {integrity: sha512-saE57nupxk6v3HY35+jzBwYa0rKSy0XR8JSxZPwgLr7ys0IBzhGviA1/TUGJLmSVqs8pb9AnvICXEuOHLprYTw==}

  ws@8.18.0:
    resolution: {integrity: sha512-8VbfWfHLbbwu3+N6OKsOMpBdT4kXPDDB9cJk2bJ6mh9ucxdlnNvH1e+roYkKmN9Nxw2yjz7VzeO9oOz2zJ04Pw==}
    engines: {node: '>=10.0.0'}
    peerDependencies:
      bufferutil: ^4.0.1
      utf-8-validate: '>=5.0.2'
    peerDependenciesMeta:
      bufferutil:
        optional: true
      utf-8-validate:
        optional: true

  yocto-queue@1.2.1:
    resolution: {integrity: sha512-AyeEbWOu/TAXdxlV9wmGcR0+yh2j3vYPGOECcIj2S7MkrLyC7ne+oye2BKTItt0ii2PHk4cDy+95+LshzbXnGg==}
    engines: {node: '>=12.20'}

snapshots:

  '@ethersproject/abi@5.8.0':
    dependencies:
      '@ethersproject/address': 5.8.0
      '@ethersproject/bignumber': 5.8.0
      '@ethersproject/bytes': 5.8.0
      '@ethersproject/constants': 5.8.0
      '@ethersproject/hash': 5.8.0
      '@ethersproject/keccak256': 5.8.0
      '@ethersproject/logger': 5.8.0
      '@ethersproject/properties': 5.8.0
      '@ethersproject/strings': 5.8.0

  '@ethersproject/abstract-provider@5.8.0':
    dependencies:
      '@ethersproject/bignumber': 5.8.0
      '@ethersproject/bytes': 5.8.0
      '@ethersproject/logger': 5.8.0
      '@ethersproject/networks': 5.8.0
      '@ethersproject/properties': 5.8.0
      '@ethersproject/transactions': 5.8.0
      '@ethersproject/web': 5.8.0

  '@ethersproject/abstract-signer@5.8.0':
    dependencies:
      '@ethersproject/abstract-provider': 5.8.0
      '@ethersproject/bignumber': 5.8.0
      '@ethersproject/bytes': 5.8.0
      '@ethersproject/logger': 5.8.0
      '@ethersproject/properties': 5.8.0

  '@ethersproject/address@5.8.0':
    dependencies:
      '@ethersproject/bignumber': 5.8.0
      '@ethersproject/bytes': 5.8.0
      '@ethersproject/keccak256': 5.8.0
      '@ethersproject/logger': 5.8.0
      '@ethersproject/rlp': 5.8.0

  '@ethersproject/base64@5.8.0':
    dependencies:
      '@ethersproject/bytes': 5.8.0

  '@ethersproject/basex@5.8.0':
    dependencies:
      '@ethersproject/bytes': 5.8.0
      '@ethersproject/properties': 5.8.0

  '@ethersproject/bignumber@5.8.0':
    dependencies:
      '@ethersproject/bytes': 5.8.0
      '@ethersproject/logger': 5.8.0
      bn.js: 5.2.1

  '@ethersproject/bytes@5.8.0':
    dependencies:
      '@ethersproject/logger': 5.8.0

  '@ethersproject/constants@5.8.0':
    dependencies:
      '@ethersproject/bignumber': 5.8.0

  '@ethersproject/contracts@5.8.0':
    dependencies:
      '@ethersproject/abi': 5.8.0
      '@ethersproject/abstract-provider': 5.8.0
      '@ethersproject/abstract-signer': 5.8.0
      '@ethersproject/address': 5.8.0
      '@ethersproject/bignumber': 5.8.0
      '@ethersproject/bytes': 5.8.0
      '@ethersproject/constants': 5.8.0
      '@ethersproject/logger': 5.8.0
      '@ethersproject/properties': 5.8.0
      '@ethersproject/transactions': 5.8.0

  '@ethersproject/hash@5.8.0':
    dependencies:
      '@ethersproject/abstract-signer': 5.8.0
      '@ethersproject/address': 5.8.0
      '@ethersproject/base64': 5.8.0
      '@ethersproject/bignumber': 5.8.0
      '@ethersproject/bytes': 5.8.0
      '@ethersproject/keccak256': 5.8.0
      '@ethersproject/logger': 5.8.0
      '@ethersproject/properties': 5.8.0
      '@ethersproject/strings': 5.8.0

  '@ethersproject/hdnode@5.8.0':
    dependencies:
      '@ethersproject/abstract-signer': 5.8.0
      '@ethersproject/basex': 5.8.0
      '@ethersproject/bignumber': 5.8.0
      '@ethersproject/bytes': 5.8.0
      '@ethersproject/logger': 5.8.0
      '@ethersproject/pbkdf2': 5.8.0
      '@ethersproject/properties': 5.8.0
      '@ethersproject/sha2': 5.8.0
      '@ethersproject/signing-key': 5.8.0
      '@ethersproject/strings': 5.8.0
      '@ethersproject/transactions': 5.8.0
      '@ethersproject/wordlists': 5.8.0

  '@ethersproject/json-wallets@5.8.0':
    dependencies:
      '@ethersproject/abstract-signer': 5.8.0
      '@ethersproject/address': 5.8.0
      '@ethersproject/bytes': 5.8.0
      '@ethersproject/hdnode': 5.8.0
      '@ethersproject/keccak256': 5.8.0
      '@ethersproject/logger': 5.8.0
      '@ethersproject/pbkdf2': 5.8.0
      '@ethersproject/properties': 5.8.0
      '@ethersproject/random': 5.8.0
      '@ethersproject/strings': 5.8.0
      '@ethersproject/transactions': 5.8.0
      aes-js: 3.0.0
      scrypt-js: 3.0.1

  '@ethersproject/keccak256@5.8.0':
    dependencies:
      '@ethersproject/bytes': 5.8.0
      js-sha3: 0.8.0

  '@ethersproject/logger@5.8.0': {}

  '@ethersproject/networks@5.8.0':
    dependencies:
      '@ethersproject/logger': 5.8.0

  '@ethersproject/pbkdf2@5.8.0':
    dependencies:
      '@ethersproject/bytes': 5.8.0
      '@ethersproject/sha2': 5.8.0

  '@ethersproject/properties@5.8.0':
    dependencies:
      '@ethersproject/logger': 5.8.0

  '@ethersproject/providers@5.8.0':
    dependencies:
      '@ethersproject/abstract-provider': 5.8.0
      '@ethersproject/abstract-signer': 5.8.0
      '@ethersproject/address': 5.8.0
      '@ethersproject/base64': 5.8.0
      '@ethersproject/basex': 5.8.0
      '@ethersproject/bignumber': 5.8.0
      '@ethersproject/bytes': 5.8.0
      '@ethersproject/constants': 5.8.0
      '@ethersproject/hash': 5.8.0
      '@ethersproject/logger': 5.8.0
      '@ethersproject/networks': 5.8.0
      '@ethersproject/properties': 5.8.0
      '@ethersproject/random': 5.8.0
      '@ethersproject/rlp': 5.8.0
      '@ethersproject/sha2': 5.8.0
      '@ethersproject/strings': 5.8.0
      '@ethersproject/transactions': 5.8.0
      '@ethersproject/web': 5.8.0
      bech32: 1.1.4
      ws: 8.18.0
    transitivePeerDependencies:
      - bufferutil
      - utf-8-validate

  '@ethersproject/random@5.8.0':
    dependencies:
      '@ethersproject/bytes': 5.8.0
      '@ethersproject/logger': 5.8.0

  '@ethersproject/rlp@5.8.0':
    dependencies:
      '@ethersproject/bytes': 5.8.0
      '@ethersproject/logger': 5.8.0

  '@ethersproject/sha2@5.8.0':
    dependencies:
      '@ethersproject/bytes': 5.8.0
      '@ethersproject/logger': 5.8.0
      hash.js: 1.1.7

  '@ethersproject/signing-key@5.8.0':
    dependencies:
      '@ethersproject/bytes': 5.8.0
      '@ethersproject/logger': 5.8.0
      '@ethersproject/properties': 5.8.0
      bn.js: 5.2.1
      elliptic: 6.6.1
      hash.js: 1.1.7

  '@ethersproject/solidity@5.8.0':
    dependencies:
      '@ethersproject/bignumber': 5.8.0
      '@ethersproject/bytes': 5.8.0
      '@ethersproject/keccak256': 5.8.0
      '@ethersproject/logger': 5.8.0
      '@ethersproject/sha2': 5.8.0
      '@ethersproject/strings': 5.8.0

  '@ethersproject/strings@5.8.0':
    dependencies:
      '@ethersproject/bytes': 5.8.0
      '@ethersproject/constants': 5.8.0
      '@ethersproject/logger': 5.8.0

  '@ethersproject/transactions@5.8.0':
    dependencies:
      '@ethersproject/address': 5.8.0
      '@ethersproject/bignumber': 5.8.0
      '@ethersproject/bytes': 5.8.0
      '@ethersproject/constants': 5.8.0
      '@ethersproject/keccak256': 5.8.0
      '@ethersproject/logger': 5.8.0
      '@ethersproject/properties': 5.8.0
      '@ethersproject/rlp': 5.8.0
      '@ethersproject/signing-key': 5.8.0

  '@ethersproject/units@5.8.0':
    dependencies:
      '@ethersproject/bignumber': 5.8.0
      '@ethersproject/constants': 5.8.0
      '@ethersproject/logger': 5.8.0

  '@ethersproject/wallet@5.8.0':
    dependencies:
      '@ethersproject/abstract-provider': 5.8.0
      '@ethersproject/abstract-signer': 5.8.0
      '@ethersproject/address': 5.8.0
      '@ethersproject/bignumber': 5.8.0
      '@ethersproject/bytes': 5.8.0
      '@ethersproject/hash': 5.8.0
      '@ethersproject/hdnode': 5.8.0
      '@ethersproject/json-wallets': 5.8.0
      '@ethersproject/keccak256': 5.8.0
      '@ethersproject/logger': 5.8.0
      '@ethersproject/properties': 5.8.0
      '@ethersproject/random': 5.8.0
      '@ethersproject/signing-key': 5.8.0
      '@ethersproject/transactions': 5.8.0
      '@ethersproject/wordlists': 5.8.0

  '@ethersproject/web@5.8.0':
    dependencies:
      '@ethersproject/base64': 5.8.0
      '@ethersproject/bytes': 5.8.0
      '@ethersproject/logger': 5.8.0
      '@ethersproject/properties': 5.8.0
      '@ethersproject/strings': 5.8.0

  '@ethersproject/wordlists@5.8.0':
    dependencies:
      '@ethersproject/bytes': 5.8.0
      '@ethersproject/hash': 5.8.0
      '@ethersproject/logger': 5.8.0
      '@ethersproject/properties': 5.8.0
      '@ethersproject/strings': 5.8.0

  aes-js@3.0.0: {}

  ansi-regex@6.1.0: {}

  bech32@1.1.4: {}

  bn.js@4.12.1: {}

  bn.js@5.2.1: {}

  brorand@1.1.0: {}

  chalk@5.4.1: {}

  cli-cursor@5.0.0:
    dependencies:
      restore-cursor: 5.1.0

  cli-spinners@2.9.2: {}

  commander@13.1.0: {}

  elliptic@6.6.1:
    dependencies:
      bn.js: 4.12.1
      brorand: 1.1.0
      hash.js: 1.1.7
      hmac-drbg: 1.0.1
      inherits: 2.0.4
      minimalistic-assert: 1.0.1
      minimalistic-crypto-utils: 1.0.1

  emoji-regex@10.4.0: {}

  ethers@5.8.0:
    dependencies:
      '@ethersproject/abi': 5.8.0
      '@ethersproject/abstract-provider': 5.8.0
      '@ethersproject/abstract-signer': 5.8.0
      '@ethersproject/address': 5.8.0
      '@ethersproject/base64': 5.8.0
      '@ethersproject/basex': 5.8.0
      '@ethersproject/bignumber': 5.8.0
      '@ethersproject/bytes': 5.8.0
      '@ethersproject/constants': 5.8.0
      '@ethersproject/contracts': 5.8.0
      '@ethersproject/hash': 5.8.0
      '@ethersproject/hdnode': 5.8.0
      '@ethersproject/json-wallets': 5.8.0
      '@ethersproject/keccak256': 5.8.0
      '@ethersproject/logger': 5.8.0
      '@ethersproject/networks': 5.8.0
      '@ethersproject/pbkdf2': 5.8.0
      '@ethersproject/properties': 5.8.0
      '@ethersproject/providers': 5.8.0
      '@ethersproject/random': 5.8.0
      '@ethersproject/rlp': 5.8.0
      '@ethersproject/sha2': 5.8.0
      '@ethersproject/signing-key': 5.8.0
      '@ethersproject/solidity': 5.8.0
      '@ethersproject/strings': 5.8.0
      '@ethersproject/transactions': 5.8.0
      '@ethersproject/units': 5.8.0
      '@ethersproject/wallet': 5.8.0
      '@ethersproject/web': 5.8.0
      '@ethersproject/wordlists': 5.8.0
    transitivePeerDependencies:
      - bufferutil
      - utf-8-validate

  fs-extra@11.3.0:
    dependencies:
      graceful-fs: 4.2.11
      jsonfile: 6.1.0
      universalify: 2.0.1

  get-east-asian-width@1.3.0: {}

  graceful-fs@4.2.11: {}

  hash.js@1.1.7:
    dependencies:
      inherits: 2.0.4
      minimalistic-assert: 1.0.1

  hmac-drbg@1.0.1:
    dependencies:
      hash.js: 1.1.7
      minimalistic-assert: 1.0.1
      minimalistic-crypto-utils: 1.0.1

  inherits@2.0.4: {}

  is-interactive@2.0.0: {}

  is-unicode-supported@1.3.0: {}

  is-unicode-supported@2.1.0: {}

  js-sha3@0.8.0: {}

  jsonfile@6.1.0:
    dependencies:
      universalify: 2.0.1
    optionalDependencies:
      graceful-fs: 4.2.11

  log-symbols@6.0.0:
    dependencies:
      chalk: 5.4.1
      is-unicode-supported: 1.3.0

  mimic-function@5.0.1: {}

  minimalistic-assert@1.0.1: {}

  minimalistic-crypto-utils@1.0.1: {}

  node-fetch@2.7.0:
    dependencies:
      whatwg-url: 5.0.0

  onetime@7.0.0:
    dependencies:
      mimic-function: 5.0.1

  ora@8.2.0:
    dependencies:
      chalk: 5.4.1
      cli-cursor: 5.0.0
      cli-spinners: 2.9.2
      is-interactive: 2.0.0
      is-unicode-supported: 2.1.0
      log-symbols: 6.0.0
      stdin-discarder: 0.2.2
      string-width: 7.2.0
      strip-ansi: 7.1.0

  p-limit@6.2.0:
    dependencies:
      yocto-queue: 1.2.1

  restore-cursor@5.1.0:
    dependencies:
      onetime: 7.0.0
      signal-exit: 4.1.0

  scrypt-js@3.0.1: {}

  signal-exit@4.1.0: {}

  stdin-discarder@0.2.2: {}

  string-width@7.2.0:
    dependencies:
      emoji-regex: 10.4.0
      get-east-asian-width: 1.3.0
      strip-ansi: 7.1.0

  strip-ansi@7.1.0:
    dependencies:
      ansi-regex: 6.1.0

  tr46@0.0.3: {}

  universalify@2.0.1: {}

  webidl-conversions@3.0.1: {}

  whatwg-url@5.0.0:
    dependencies:
      tr46: 0.0.3
      webidl-conversions: 3.0.1

  ws@8.18.0: {}

  yocto-queue@1.2.1: {}
